
Microsoft Visual Studio Solution File, Format Version 12.00
# Visual Studio Version 17
VisualStudioVersion = 17.7.34202.233
MinimumVisualStudioVersion = 10.0.40219.1
Project("{9A19103F-16F7-4668-BE54-9A1E7A4F7556}") = "Palindrome.Web", "Palindrome.Web\Palindrome.Web.csproj", "{0ECEC522-4F15-434E-B66D-6D1A903D1034}"
EndProject
Project("{FAE04EC0-301F-11D3-BF4B-00C04F79EFBC}") = "Palindrome.API", "Palindrome.API\Palindrome.API.csproj", "{D67D2ADA-1BF5-4DC1-84A4-84F281240963}"
EndProject
Global
	GlobalSection(SolutionConfigurationPlatforms) = preSolution
		Debug|Any CPU = Debug|Any CPU
		Release|Any CPU = Release|Any CPU
	EndGlobalSection
	GlobalSection(ProjectConfigurationPlatforms) = postSolution
		{0ECEC522-4F15-434E-B66D-6D1A903D1034}.Debug|Any CPU.ActiveCfg = Debug|Any CPU
		{0ECEC522-4F15-434E-B66D-6D1A903D1034}.Debug|Any CPU.Build.0 = Debug|Any CPU
		{0ECEC522-4F15-434E-B66D-6D1A903D1034}.Release|Any CPU.ActiveCfg = Release|Any CPU
		{0ECEC522-4F15-434E-B66D-6D1A903D1034}.Release|Any CPU.Build.0 = Release|Any CPU
		{D67D2ADA-1BF5-4DC1-84A4-84F281240963}.Debug|Any CPU.ActiveCfg = Debug|Any CPU
		{D67D2ADA-1BF5-4DC1-84A4-84F281240963}.Debug|Any CPU.Build.0 = Debug|Any CPU
		{D67D2ADA-1BF5-4DC1-84A4-84F281240963}.Release|Any CPU.ActiveCfg = Release|Any CPU
		{D67D2ADA-1BF5-4DC1-84A4-84F281240963}.Release|Any CPU.Build.0 = Release|Any CPU
	EndGlobalSection
	GlobalSection(SolutionProperties) = preSolution
		HideSolutionNode = FALSE
	EndGlobalSection
	GlobalSection(ExtensibilityGlobals) = postSolution
		SolutionGuid = {56EB5414-FAE6-452D-8BEE-B8C849CF24B2}
	EndGlobalSection
EndGlobal
